<?xml version="1.0" encoding="UTF-8" standalone="yes" ?>
<CodeBlocks_project_file>
	<FileVersion major="1" minor="6" />
	<Project>
		<Option title="ir2hid" />
		<Option pch_mode="2" />
		<Option compiler="gcc" />
		<Build>
			<Target title="Debug">
				<Option output="bin/Debug/ir2hid" prefix_auto="1" extension_auto="1" />
				<Option object_output="obj/Debug/" />
				<Option type="1" />
				<Option compiler="gcc" />
				<Compiler>
					<Add option="-g" />
					<Add directory="/usr/local/include" />
					<Add directory="/usr/include/logger" />
				</Compiler>
				<Linker>
					<Add library="libavahi-client.a" />
					<Add library="libavahi-common.a" />
					<Add library="liblogger.a" />
					<Add library="libela.a" />
					<Add library="librudp.a" />
					<Add library="libfoils_hid.a" />
					<Add directory="/usr/local/lib" />
					<Add directory="/usr/lib/logger" />
				</Linker>
			</Target>
			<Target title="Release">
				<Option output="bin/Release/ir2hid" prefix_auto="1" extension_auto="1" />
				<Option object_output="obj/Release/" />
				<Option type="1" />
				<Option compiler="gcc" />
				<Compiler>
					<Add option="-O2" />
				</Compiler>
				<Linker>
					<Add option="-s" />
				</Linker>
			</Target>
		</Build>
		<Compiler>
			<Add option="-Wall" />
		</Compiler>
		<Unit filename="browser.c">
			<Option compilerVar="CC" />
		</Unit>
		<Unit filename="browser.h" />
		<Unit filename="main.c">
			<Option compilerVar="CC" />
		</Unit>
		<Unit filename="remote.c">
			<Option compilerVar="CC" />
		</Unit>
		<Unit filename="remote.h" />
		<Extensions>
			<code_completion />
			<debugger />
		</Extensions>
	</Project>
</CodeBlocks_project_file>
